
Microsoft Visual Studio Solution File, Format Version 12.00
# Visual Studio Version 16
VisualStudioVersion = 16.0.30611.23
MinimumVisualStudioVersion = 10.0.40219.1
Project("{FAE04EC0-301F-11D3-BF4B-00C04F79EFBC}") = "Hyper-API-JWT", "Hyper-API-JWT.csproj", "{2E4C54FF-9292-4F8A-A4C1-B0F698D8B78B}"
EndProject
Global
	GlobalSection(SolutionConfigurationPlatforms) = preSolution
		Debug|Any CPU = Debug|Any CPU
		Release|Any CPU = Release|Any CPU
	EndGlobalSection
	GlobalSection(ProjectConfigurationPlatforms) = postSolution
		{2E4C54FF-9292-4F8A-A4C1-B0F698D8B78B}.Debug|Any CPU.ActiveCfg = Debug|Any CPU
		{2E4C54FF-9292-4F8A-A4C1-B0F698D8B78B}.Debug|Any CPU.Build.0 = Debug|Any CPU
		{2E4C54FF-9292-4F8A-A4C1-B0F698D8B78B}.Release|Any CPU.ActiveCfg = Release|Any CPU
		{2E4C54FF-9292-4F8A-A4C1-B0F698D8B78B}.Release|Any CPU.Build.0 = Release|Any CPU
	EndGlobalSection
	GlobalSection(SolutionProperties) = preSolution
		HideSolutionNode = FALSE
	EndGlobalSection
	GlobalSection(ExtensibilityGlobals) = postSolution
		SolutionGuid = {19DC883A-0D46-4E26-9C63-F18D0C571BC4}
	EndGlobalSection
EndGlobal
